// !$*UTF8*$!
{
	archiveVersion = 1;
	classes = {
	};
	objectVersion = 46;
	objects = {

/* Begin PBXBuildFile section */
		6E26780F1B4678F4005EC1EB /* GroupMembersViewController.swift in Sources */ = {isa = PBXBuildFile; fileRef = 6E26780E1B4678F4005EC1EB /* GroupMembersViewController.swift */; };
		6E4AD9AA1B4F912500BB23CB /* Localizable.strings in Resources */ = {isa = PBXBuildFile; fileRef = 6E4AD9AC1B4F912500BB23CB /* Localizable.strings */; };
		6E6EC8CF1B4D1F5E004FB01B /* EditUserNameViewController.swift in Sources */ = {isa = PBXBuildFile; fileRef = 6E6EC8CE1B4D1F5E004FB01B /* EditUserNameViewController.swift */; };
		6E7EAFFF1B5FB0C5006E9F5B /* PushConfig.plist in Resources */ = {isa = PBXBuildFile; fileRef = 6E7EAFFE1B5FB0C5006E9F5B /* PushConfig.plist */; };
		6E7EB0041B60A5DB006E9F5B /* Info.plist in Resources */ = {isa = PBXBuildFile; fileRef = 6E7EB0031B60A5DB006E9F5B /* Info.plist */; };
		6EA0750F1B53E39100F1CA76 /* Landing.storyboard in Resources */ = {isa = PBXBuildFile; fileRef = 6EA075111B53E39100F1CA76 /* Landing.storyboard */; };
		6EBBE0971B5694C8007F281F /* BulletinStampButton.swift in Sources */ = {isa = PBXBuildFile; fileRef = 6EBBE0961B5694C8007F281F /* BulletinStampButton.swift */; };
		6EBBE0991B57997F007F281F /* NewBulletinViewController.swift in Sources */ = {isa = PBXBuildFile; fileRef = 6EBBE0981B57997F007F281F /* NewBulletinViewController.swift */; };
		6EE3CBC71B4BA08300C142C4 /* BulletinCell.swift in Sources */ = {isa = PBXBuildFile; fileRef = 6EE3CBC51B4BA08300C142C4 /* BulletinCell.swift */; };
		6EE3CBC81B4BA08300C142C4 /* BulletinCell.xib in Resources */ = {isa = PBXBuildFile; fileRef = 6EE3CBC61B4BA08300C142C4 /* BulletinCell.xib */; };
		6EE3CBCA1B4BBE1600C142C4 /* BulletinsViewController.swift in Sources */ = {isa = PBXBuildFile; fileRef = 6EE3CBC91B4BBE1600C142C4 /* BulletinsViewController.swift */; };
		6EE3CBCC1B4BD21800C142C4 /* TimeHelper.swift in Sources */ = {isa = PBXBuildFile; fileRef = 6EE3CBCB1B4BD21800C142C4 /* TimeHelper.swift */; };
		9C72B5CC1B313753000211E2 /* AppDelegate.swift in Sources */ = {isa = PBXBuildFile; fileRef = 9C72B5CB1B313753000211E2 /* AppDelegate.swift */; };
		9C72B5D31B313753000211E2 /* Main.storyboard in Resources */ = {isa = PBXBuildFile; fileRef = 9C72B5D11B313753000211E2 /* Main.storyboard */; };
		9C72B5D51B313753000211E2 /* Images.xcassets in Resources */ = {isa = PBXBuildFile; fileRef = 9C72B5D41B313753000211E2 /* Images.xcassets */; };
		9C72B5D81B313753000211E2 /* LaunchScreen.xib in Resources */ = {isa = PBXBuildFile; fileRef = 9C72B5D61B313753000211E2 /* LaunchScreen.xib */; };
		9C72B5E41B313753000211E2 /* YoutiaoTests.swift in Sources */ = {isa = PBXBuildFile; fileRef = 9C72B5E31B313753000211E2 /* YoutiaoTests.swift */; };
		9C72B5EF1B31398F000211E2 /* User.swift in Sources */ = {isa = PBXBuildFile; fileRef = 9C72B5EE1B31398F000211E2 /* User.swift */; };
		9C72B5F11B313997000211E2 /* Group.swift in Sources */ = {isa = PBXBuildFile; fileRef = 9C72B5F01B313997000211E2 /* Group.swift */; };
		9C72B5F31B3139A8000211E2 /* Membership.swift in Sources */ = {isa = PBXBuildFile; fileRef = 9C72B5F21B3139A8000211E2 /* Membership.swift */; };
		9C72B5F51B3139B1000211E2 /* Bulletin.swift in Sources */ = {isa = PBXBuildFile; fileRef = 9C72B5F41B3139B1000211E2 /* Bulletin.swift */; };
		9C72B5F71B3139B8000211E2 /* Stamp.swift in Sources */ = {isa = PBXBuildFile; fileRef = 9C72B5F61B3139B8000211E2 /* Stamp.swift */; };
		9C72B5F91B3139BE000211E2 /* Comment.swift in Sources */ = {isa = PBXBuildFile; fileRef = 9C72B5F81B3139BE000211E2 /* Comment.swift */; };
		9C72B6101B31B220000211E2 /* APIClient.swift in Sources */ = {isa = PBXBuildFile; fileRef = 9C72B60F1B31B220000211E2 /* APIClient.swift */; };
		9C72B6281B32FD5E000211E2 /* Blob.swift in Sources */ = {isa = PBXBuildFile; fileRef = 9C72B6271B32FD5E000211E2 /* Blob.swift */; };
		9C7F85B81B423F9E00E37EBD /* BulletinViewController.swift in Sources */ = {isa = PBXBuildFile; fileRef = 9C7F85AB1B423F9E00E37EBD /* BulletinViewController.swift */; };
		9C7F85B91B423F9E00E37EBD /* EditGroupCodeViewController.swift in Sources */ = {isa = PBXBuildFile; fileRef = 9C7F85AC1B423F9E00E37EBD /* EditGroupCodeViewController.swift */; };
		9C7F85BA1B423F9E00E37EBD /* EditGroupNameViewController.swift in Sources */ = {isa = PBXBuildFile; fileRef = 9C7F85AD1B423F9E00E37EBD /* EditGroupNameViewController.swift */; };
		9C7F85BB1B423F9E00E37EBD /* GroupSettingsViewController.swift in Sources */ = {isa = PBXBuildFile; fileRef = 9C7F85AE1B423F9E00E37EBD /* GroupSettingsViewController.swift */; };
		9C7F85BC1B423F9E00E37EBD /* GroupsViewController.swift in Sources */ = {isa = PBXBuildFile; fileRef = 9C7F85AF1B423F9E00E37EBD /* GroupsViewController.swift */; };
		9C7F85BE1B423F9E00E37EBD /* JoinGroupViewController.swift in Sources */ = {isa = PBXBuildFile; fileRef = 9C7F85B11B423F9E00E37EBD /* JoinGroupViewController.swift */; };
		9C7F85C01B423F9E00E37EBD /* NewGroupViewController.swift in Sources */ = {isa = PBXBuildFile; fileRef = 9C7F85B31B423F9E00E37EBD /* NewGroupViewController.swift */; };
		9C7F85C11B423F9E00E37EBD /* SettingsViewController.swift in Sources */ = {isa = PBXBuildFile; fileRef = 9C7F85B41B423F9E00E37EBD /* SettingsViewController.swift */; };
		9C7F85C21B423F9E00E37EBD /* SignInViewController.swift in Sources */ = {isa = PBXBuildFile; fileRef = 9C7F85B51B423F9E00E37EBD /* SignInViewController.swift */; };
		9C7F85C31B423F9E00E37EBD /* SignUpViewController.swift in Sources */ = {isa = PBXBuildFile; fileRef = 9C7F85B61B423F9E00E37EBD /* SignUpViewController.swift */; };
		9C7F85D21B42697600E37EBD /* ErrorsHelper.swift in Sources */ = {isa = PBXBuildFile; fileRef = 9C7F85D11B42697600E37EBD /* ErrorsHelper.swift */; };
		9C87CBC91B3BCF3500F58461 /* Errors.swift in Sources */ = {isa = PBXBuildFile; fileRef = 9C87CBC81B3BCF3500F58461 /* Errors.swift */; };
		9C87CBCD1B3BD77500F58461 /* SessionsHelper.swift in Sources */ = {isa = PBXBuildFile; fileRef = 9C87CBCC1B3BD77500F58461 /* SessionsHelper.swift */; };
		9C8E5BF51B3A5CD00088BA76 /* Constants.swift in Sources */ = {isa = PBXBuildFile; fileRef = 9C8E5BF41B3A5CD00088BA76 /* Constants.swift */; };
		9C8E5BF81B3A5D120088BA76 /* UIColorExtension.swift in Sources */ = {isa = PBXBuildFile; fileRef = 9C8E5BF71B3A5D120088BA76 /* UIColorExtension.swift */; };
		A4710678925CB497C22D2FAD /* libPods-Youtiao.a in Frameworks */ = {isa = PBXBuildFile; fileRef = 35C34B4D6E3D4E9A0B3AE6EB /* libPods-Youtiao.a */; };
/* End PBXBuildFile section */

/* Begin PBXContainerItemProxy section */
		9C72B5DE1B313753000211E2 /* PBXContainerItemProxy */ = {
			isa = PBXContainerItemProxy;
			containerPortal = 9C72B5BE1B313753000211E2 /* Project object */;
			proxyType = 1;
			remoteGlobalIDString = 9C72B5C51B313753000211E2;
			remoteInfo = Youtiao;
		};
/* End PBXContainerItemProxy section */

/* Begin PBXFileReference section */
		23B70BE568A5C8719971BD38 /* Pods-Youtiao.release.xcconfig */ = {isa = PBXFileReference; includeInIndex = 1; lastKnownFileType = text.xcconfig; name = "Pods-Youtiao.release.xcconfig"; path = "Pods/Target Support Files/Pods-Youtiao/Pods-Youtiao.release.xcconfig"; sourceTree = "<group>"; };
		35C34B4D6E3D4E9A0B3AE6EB /* libPods-Youtiao.a */ = {isa = PBXFileReference; explicitFileType = archive.ar; includeInIndex = 0; path = "libPods-Youtiao.a"; sourceTree = BUILT_PRODUCTS_DIR; };
		49F866BA1EDE08E3548187D7 /* Pods-Youtiao.debug.xcconfig */ = {isa = PBXFileReference; includeInIndex = 1; lastKnownFileType = text.xcconfig; name = "Pods-Youtiao.debug.xcconfig"; path = "Pods/Target Support Files/Pods-Youtiao/Pods-Youtiao.debug.xcconfig"; sourceTree = "<group>"; };
		6E26780E1B4678F4005EC1EB /* GroupMembersViewController.swift */ = {isa = PBXFileReference; fileEncoding = 4; lastKnownFileType = sourcecode.swift; path = GroupMembersViewController.swift; sourceTree = "<group>"; };
		6E4AD9A81B4F90DF00BB23CB /* zh-Hans */ = {isa = PBXFileReference; lastKnownFileType = text.plist.strings; name = "zh-Hans"; path = "zh-Hans.lproj/LaunchScreen.strings"; sourceTree = "<group>"; };
		6E4AD9AB1B4F912500BB23CB /* en */ = {isa = PBXFileReference; lastKnownFileType = text.plist.strings; name = en; path = en.lproj/Localizable.strings; sourceTree = "<group>"; };
		6E4AD9AD1B4F912900BB23CB /* zh-Hans */ = {isa = PBXFileReference; lastKnownFileType = text.plist.strings; name = "zh-Hans"; path = "zh-Hans.lproj/Localizable.strings"; sourceTree = "<group>"; };
		6E6B9C1C1B5DDACE00AA74F8 /* zh-Hans */ = {isa = PBXFileReference; lastKnownFileType = text.plist.strings; name = "zh-Hans"; path = "zh-Hans.lproj/Main.strings"; sourceTree = "<group>"; };
		6E6EC8CE1B4D1F5E004FB01B /* EditUserNameViewController.swift */ = {isa = PBXFileReference; fileEncoding = 4; lastKnownFileType = sourcecode.swift; path = EditUserNameViewController.swift; sourceTree = "<group>"; };
		6E7EAFFE1B5FB0C5006E9F5B /* PushConfig.plist */ = {isa = PBXFileReference; fileEncoding = 4; lastKnownFileType = text.plist.xml; path = PushConfig.plist; sourceTree = "<group>"; };
		6E7EB0031B60A5DB006E9F5B /* Info.plist */ = {isa = PBXFileReference; fileEncoding = 4; lastKnownFileType = text.plist.xml; path = Info.plist; sourceTree = "<group>"; };
		6EA075101B53E39100F1CA76 /* Base */ = {isa = PBXFileReference; lastKnownFileType = file.storyboard; name = Base; path = Base.lproj/Landing.storyboard; sourceTree = "<group>"; };
		6EA075171B54A84900F1CA76 /* zh-Hans */ = {isa = PBXFileReference; lastKnownFileType = text.plist.strings; name = "zh-Hans"; path = "zh-Hans.lproj/Landing.strings"; sourceTree = "<group>"; };
		6EBBE0961B5694C8007F281F /* BulletinStampButton.swift */ = {isa = PBXFileReference; fileEncoding = 4; lastKnownFileType = sourcecode.swift; path = BulletinStampButton.swift; sourceTree = "<group>"; };
		6EBBE0981B57997F007F281F /* NewBulletinViewController.swift */ = {isa = PBXFileReference; fileEncoding = 4; lastKnownFileType = sourcecode.swift; path = NewBulletinViewController.swift; sourceTree = "<group>"; };
		6EE3CBC51B4BA08300C142C4 /* BulletinCell.swift */ = {isa = PBXFileReference; fileEncoding = 4; lastKnownFileType = sourcecode.swift; path = BulletinCell.swift; sourceTree = "<group>"; };
		6EE3CBC61B4BA08300C142C4 /* BulletinCell.xib */ = {isa = PBXFileReference; fileEncoding = 4; lastKnownFileType = file.xib; path = BulletinCell.xib; sourceTree = "<group>"; };
		6EE3CBC91B4BBE1600C142C4 /* BulletinsViewController.swift */ = {isa = PBXFileReference; fileEncoding = 4; lastKnownFileType = sourcecode.swift; path = BulletinsViewController.swift; sourceTree = "<group>"; };
		6EE3CBCB1B4BD21800C142C4 /* TimeHelper.swift */ = {isa = PBXFileReference; fileEncoding = 4; lastKnownFileType = sourcecode.swift; path = TimeHelper.swift; sourceTree = "<group>"; };
		9C72B5C61B313753000211E2 /* Youtiao.app */ = {isa = PBXFileReference; explicitFileType = wrapper.application; includeInIndex = 0; path = Youtiao.app; sourceTree = BUILT_PRODUCTS_DIR; };
		9C72B5CB1B313753000211E2 /* AppDelegate.swift */ = {isa = PBXFileReference; lastKnownFileType = sourcecode.swift; path = AppDelegate.swift; sourceTree = "<group>"; };
		9C72B5D21B313753000211E2 /* Base */ = {isa = PBXFileReference; lastKnownFileType = file.storyboard; name = Base; path = Base.lproj/Main.storyboard; sourceTree = "<group>"; };
		9C72B5D41B313753000211E2 /* Images.xcassets */ = {isa = PBXFileReference; lastKnownFileType = folder.assetcatalog; path = Images.xcassets; sourceTree = "<group>"; };
		9C72B5D71B313753000211E2 /* Base */ = {isa = PBXFileReference; lastKnownFileType = file.xib; name = Base; path = Base.lproj/LaunchScreen.xib; sourceTree = "<group>"; };
		9C72B5DD1B313753000211E2 /* YoutiaoTests.xctest */ = {isa = PBXFileReference; explicitFileType = wrapper.cfbundle; includeInIndex = 0; path = YoutiaoTests.xctest; sourceTree = BUILT_PRODUCTS_DIR; };
		9C72B5E21B313753000211E2 /* Info.plist */ = {isa = PBXFileReference; lastKnownFileType = text.plist.xml; path = Info.plist; sourceTree = "<group>"; };
		9C72B5E31B313753000211E2 /* YoutiaoTests.swift */ = {isa = PBXFileReference; lastKnownFileType = sourcecode.swift; path = YoutiaoTests.swift; sourceTree = "<group>"; };
		9C72B5EE1B31398F000211E2 /* User.swift */ = {isa = PBXFileReference; fileEncoding = 4; lastKnownFileType = sourcecode.swift; path = User.swift; sourceTree = "<group>"; };
		9C72B5F01B313997000211E2 /* Group.swift */ = {isa = PBXFileReference; fileEncoding = 4; lastKnownFileType = sourcecode.swift; path = Group.swift; sourceTree = "<group>"; };
		9C72B5F21B3139A8000211E2 /* Membership.swift */ = {isa = PBXFileReference; fileEncoding = 4; lastKnownFileType = sourcecode.swift; path = Membership.swift; sourceTree = "<group>"; };
		9C72B5F41B3139B1000211E2 /* Bulletin.swift */ = {isa = PBXFileReference; fileEncoding = 4; lastKnownFileType = sourcecode.swift; path = Bulletin.swift; sourceTree = "<group>"; };
		9C72B5F61B3139B8000211E2 /* Stamp.swift */ = {isa = PBXFileReference; fileEncoding = 4; lastKnownFileType = sourcecode.swift; path = Stamp.swift; sourceTree = "<group>"; };
		9C72B5F81B3139BE000211E2 /* Comment.swift */ = {isa = PBXFileReference; fileEncoding = 4; lastKnownFileType = sourcecode.swift; path = Comment.swift; sourceTree = "<group>"; };
		9C72B5FA1B313A7A000211E2 /* Youtiao-Bridging-Header.h */ = {isa = PBXFileReference; lastKnownFileType = sourcecode.c.h; path = "Youtiao-Bridging-Header.h"; sourceTree = "<group>"; };
		9C72B60F1B31B220000211E2 /* APIClient.swift */ = {isa = PBXFileReference; fileEncoding = 4; lastKnownFileType = sourcecode.swift; path = APIClient.swift; sourceTree = "<group>"; };
		9C72B6271B32FD5E000211E2 /* Blob.swift */ = {isa = PBXFileReference; fileEncoding = 4; lastKnownFileType = sourcecode.swift; path = Blob.swift; sourceTree = "<group>"; };
		9C7F85AB1B423F9E00E37EBD /* BulletinViewController.swift */ = {isa = PBXFileReference; fileEncoding = 4; lastKnownFileType = sourcecode.swift; path = BulletinViewController.swift; sourceTree = "<group>"; };
		9C7F85AC1B423F9E00E37EBD /* EditGroupCodeViewController.swift */ = {isa = PBXFileReference; fileEncoding = 4; lastKnownFileType = sourcecode.swift; path = EditGroupCodeViewController.swift; sourceTree = "<group>"; };
		9C7F85AD1B423F9E00E37EBD /* EditGroupNameViewController.swift */ = {isa = PBXFileReference; fileEncoding = 4; lastKnownFileType = sourcecode.swift; path = EditGroupNameViewController.swift; sourceTree = "<group>"; };
		9C7F85AE1B423F9E00E37EBD /* GroupSettingsViewController.swift */ = {isa = PBXFileReference; fileEncoding = 4; lastKnownFileType = sourcecode.swift; path = GroupSettingsViewController.swift; sourceTree = "<group>"; };
		9C7F85AF1B423F9E00E37EBD /* GroupsViewController.swift */ = {isa = PBXFileReference; fileEncoding = 4; lastKnownFileType = sourcecode.swift; path = GroupsViewController.swift; sourceTree = "<group>"; };
		9C7F85B11B423F9E00E37EBD /* JoinGroupViewController.swift */ = {isa = PBXFileReference; fileEncoding = 4; lastKnownFileType = sourcecode.swift; path = JoinGroupViewController.swift; sourceTree = "<group>"; };
		9C7F85B31B423F9E00E37EBD /* NewGroupViewController.swift */ = {isa = PBXFileReference; fileEncoding = 4; lastKnownFileType = sourcecode.swift; path = NewGroupViewController.swift; sourceTree = "<group>"; };
		9C7F85B41B423F9E00E37EBD /* SettingsViewController.swift */ = {isa = PBXFileReference; fileEncoding = 4; lastKnownFileType = sourcecode.swift; path = SettingsViewController.swift; sourceTree = "<group>"; };
		9C7F85B51B423F9E00E37EBD /* SignInViewController.swift */ = {isa = PBXFileReference; fileEncoding = 4; lastKnownFileType = sourcecode.swift; path = SignInViewController.swift; sourceTree = "<group>"; };
		9C7F85B61B423F9E00E37EBD /* SignUpViewController.swift */ = {isa = PBXFileReference; fileEncoding = 4; lastKnownFileType = sourcecode.swift; path = SignUpViewController.swift; sourceTree = "<group>"; };
		9C7F85D11B42697600E37EBD /* ErrorsHelper.swift */ = {isa = PBXFileReference; fileEncoding = 4; lastKnownFileType = sourcecode.swift; path = ErrorsHelper.swift; sourceTree = "<group>"; };
		9C87CBC81B3BCF3500F58461 /* Errors.swift */ = {isa = PBXFileReference; fileEncoding = 4; lastKnownFileType = sourcecode.swift; path = Errors.swift; sourceTree = "<group>"; };
		9C87CBCC1B3BD77500F58461 /* SessionsHelper.swift */ = {isa = PBXFileReference; fileEncoding = 4; lastKnownFileType = sourcecode.swift; path = SessionsHelper.swift; sourceTree = "<group>"; };
		9C8E5BF41B3A5CD00088BA76 /* Constants.swift */ = {isa = PBXFileReference; fileEncoding = 4; lastKnownFileType = sourcecode.swift; path = Constants.swift; sourceTree = "<group>"; };
		9C8E5BF71B3A5D120088BA76 /* UIColorExtension.swift */ = {isa = PBXFileReference; fileEncoding = 4; lastKnownFileType = sourcecode.swift; path = UIColorExtension.swift; sourceTree = "<group>"; };
/* End PBXFileReference section */

/* Begin PBXFrameworksBuildPhase section */
		9C72B5C31B313753000211E2 /* Frameworks */ = {
			isa = PBXFrameworksBuildPhase;
			buildActionMask = 2147483647;
			files = (
				A4710678925CB497C22D2FAD /* libPods-Youtiao.a in Frameworks */,
			);
			runOnlyForDeploymentPostprocessing = 0;
		};
		9C72B5DA1B313753000211E2 /* Frameworks */ = {
			isa = PBXFrameworksBuildPhase;
			buildActionMask = 2147483647;
			files = (
			);
			runOnlyForDeploymentPostprocessing = 0;
		};
/* End PBXFrameworksBuildPhase section */

/* Begin PBXGroup section */
		6E4AD9A51B4F900A00BB23CB /* Internationalization */ = {
			isa = PBXGroup;
			children = (
				6E4AD9AC1B4F912500BB23CB /* Localizable.strings */,
			);
			name = Internationalization;
			sourceTree = "<group>";
		};
		9C72B5BD1B313753000211E2 = {
			isa = PBXGroup;
			children = (
				9C72B5C81B313753000211E2 /* Youtiao */,
				9C72B5E01B313753000211E2 /* YoutiaoTests */,
				9C72B5C71B313753000211E2 /* Products */,
				C76A812ED9ED41E08144537F /* Pods */,
				DACDD3F359AB2C47DC8C1BFF /* Frameworks */,
			);
			sourceTree = "<group>";
		};
		9C72B5C71B313753000211E2 /* Products */ = {
			isa = PBXGroup;
			children = (
				9C72B5C61B313753000211E2 /* Youtiao.app */,
				9C72B5DD1B313753000211E2 /* YoutiaoTests.xctest */,
			);
			name = Products;
			sourceTree = "<group>";
		};
		9C72B5C81B313753000211E2 /* Youtiao */ = {
			isa = PBXGroup;
			children = (
				9C72B5CB1B313753000211E2 /* AppDelegate.swift */,
				9C7F85A91B423F5600E37EBD /* Controllers */,
				9C8E5BF61B3A5CEC0088BA76 /* Extensions */,
				9C8E5BF31B3A5CA70088BA76 /* Helpers */,
				9C72B5D41B313753000211E2 /* Images.xcassets */,
				6EA075111B53E39100F1CA76 /* Landing.storyboard */,
				9C72B5D61B313753000211E2 /* LaunchScreen.xib */,
				9C72B5D11B313753000211E2 /* Main.storyboard */,
				6E4AD9A51B4F900A00BB23CB /* Internationalization */,
				9C72B5C91B313753000211E2 /* Supporting Files */,
				9C72B6171B329B6A000211E2 /* Views */,
				9C72B5FA1B313A7A000211E2 /* Youtiao-Bridging-Header.h */,
				9C72B5ED1B313977000211E2 /* YoutiaoKit */,
			);
			path = Youtiao;
			sourceTree = "<group>";
		};
		9C72B5C91B313753000211E2 /* Supporting Files */ = {
			isa = PBXGroup;
			children = (
				6E7EB0031B60A5DB006E9F5B /* Info.plist */,
				6E7EAFFE1B5FB0C5006E9F5B /* PushConfig.plist */,
			);
			name = "Supporting Files";
			sourceTree = "<group>";
		};
		9C72B5E01B313753000211E2 /* YoutiaoTests */ = {
			isa = PBXGroup;
			children = (
				9C72B5E31B313753000211E2 /* YoutiaoTests.swift */,
				9C72B5E11B313753000211E2 /* Supporting Files */,
			);
			path = YoutiaoTests;
			sourceTree = "<group>";
		};
		9C72B5E11B313753000211E2 /* Supporting Files */ = {
			isa = PBXGroup;
			children = (
				9C72B5E21B313753000211E2 /* Info.plist */,
			);
			name = "Supporting Files";
			sourceTree = "<group>";
		};
		9C72B5ED1B313977000211E2 /* YoutiaoKit */ = {
			isa = PBXGroup;
			children = (
				9C72B60F1B31B220000211E2 /* APIClient.swift */,
				9C72B5F41B3139B1000211E2 /* Bulletin.swift */,
				9C72B5F81B3139BE000211E2 /* Comment.swift */,
				9C72B5F01B313997000211E2 /* Group.swift */,
				9C72B5F21B3139A8000211E2 /* Membership.swift */,
				9C72B5F61B3139B8000211E2 /* Stamp.swift */,
				9C72B5EE1B31398F000211E2 /* User.swift */,
				9C72B6271B32FD5E000211E2 /* Blob.swift */,
				9C87CBC81B3BCF3500F58461 /* Errors.swift */,
			);
			path = YoutiaoKit;
			sourceTree = "<group>";
		};
		9C72B6171B329B6A000211E2 /* Views */ = {
			isa = PBXGroup;
			children = (
				6EE3CBC51B4BA08300C142C4 /* BulletinCell.swift */,
				6EE3CBC61B4BA08300C142C4 /* BulletinCell.xib */,
				6EBBE0961B5694C8007F281F /* BulletinStampButton.swift */,
			);
			path = Views;
			sourceTree = "<group>";
		};
		9C7F85A91B423F5600E37EBD /* Controllers */ = {
			isa = PBXGroup;
			children = (
				6EE3CBC91B4BBE1600C142C4 /* BulletinsViewController.swift */,
				9C7F85AB1B423F9E00E37EBD /* BulletinViewController.swift */,
				9C7F85AC1B423F9E00E37EBD /* EditGroupCodeViewController.swift */,
				9C7F85AD1B423F9E00E37EBD /* EditGroupNameViewController.swift */,
				6E26780E1B4678F4005EC1EB /* GroupMembersViewController.swift */,
				9C7F85AE1B423F9E00E37EBD /* GroupSettingsViewController.swift */,
				9C7F85AF1B423F9E00E37EBD /* GroupsViewController.swift */,
				9C7F85B11B423F9E00E37EBD /* JoinGroupViewController.swift */,
				9C7F85B31B423F9E00E37EBD /* NewGroupViewController.swift */,
				9C7F85B41B423F9E00E37EBD /* SettingsViewController.swift */,
				9C7F85B51B423F9E00E37EBD /* SignInViewController.swift */,
				9C7F85B61B423F9E00E37EBD /* SignUpViewController.swift */,
				6E6EC8CE1B4D1F5E004FB01B /* EditUserNameViewController.swift */,
				6EBBE0981B57997F007F281F /* NewBulletinViewController.swift */,
			);
			path = Controllers;
			sourceTree = "<group>";
		};
		9C8E5BF31B3A5CA70088BA76 /* Helpers */ = {
			isa = PBXGroup;
			children = (
				9C8E5BF41B3A5CD00088BA76 /* Constants.swift */,
				9C87CBCC1B3BD77500F58461 /* SessionsHelper.swift */,
				9C7F85D11B42697600E37EBD /* ErrorsHelper.swift */,
				6EE3CBCB1B4BD21800C142C4 /* TimeHelper.swift */,
			);
			path = Helpers;
			sourceTree = "<group>";
		};
		9C8E5BF61B3A5CEC0088BA76 /* Extensions */ = {
			isa = PBXGroup;
			children = (
				9C8E5BF71B3A5D120088BA76 /* UIColorExtension.swift */,
			);
			path = Extensions;
			sourceTree = "<group>";
		};
		C76A812ED9ED41E08144537F /* Pods */ = {
			isa = PBXGroup;
			children = (
				49F866BA1EDE08E3548187D7 /* Pods-Youtiao.debug.xcconfig */,
				23B70BE568A5C8719971BD38 /* Pods-Youtiao.release.xcconfig */,
			);
			name = Pods;
			sourceTree = "<group>";
		};
		DACDD3F359AB2C47DC8C1BFF /* Frameworks */ = {
			isa = PBXGroup;
			children = (
				35C34B4D6E3D4E9A0B3AE6EB /* libPods-Youtiao.a */,
			);
			name = Frameworks;
			sourceTree = "<group>";
		};
/* End PBXGroup section */

/* Begin PBXNativeTarget section */
		9C72B5C51B313753000211E2 /* Youtiao */ = {
			isa = PBXNativeTarget;
			buildConfigurationList = 9C72B5E71B313753000211E2 /* Build configuration list for PBXNativeTarget "Youtiao" */;
			buildPhases = (
				1EF886E411E8CC4958922D91 /* Check Pods Manifest.lock */,
				9C72B5C21B313753000211E2 /* Sources */,
				9C72B5C31B313753000211E2 /* Frameworks */,
				9C72B5C41B313753000211E2 /* Resources */,
				89A3A0B3C701E8E53C71A270 /* Copy Pods Resources */,
			);
			buildRules = (
			);
			dependencies = (
			);
			name = Youtiao;
			productName = Youtiao;
			productReference = 9C72B5C61B313753000211E2 /* Youtiao.app */;
			productType = "com.apple.product-type.application";
		};
		9C72B5DC1B313753000211E2 /* YoutiaoTests */ = {
			isa = PBXNativeTarget;
			buildConfigurationList = 9C72B5EA1B313753000211E2 /* Build configuration list for PBXNativeTarget "YoutiaoTests" */;
			buildPhases = (
				9C72B5D91B313753000211E2 /* Sources */,
				9C72B5DA1B313753000211E2 /* Frameworks */,
				9C72B5DB1B313753000211E2 /* Resources */,
			);
			buildRules = (
			);
			dependencies = (
				9C72B5DF1B313753000211E2 /* PBXTargetDependency */,
			);
			name = YoutiaoTests;
			productName = YoutiaoTests;
			productReference = 9C72B5DD1B313753000211E2 /* YoutiaoTests.xctest */;
			productType = "com.apple.product-type.bundle.unit-test";
		};
/* End PBXNativeTarget section */

/* Begin PBXProject section */
		9C72B5BE1B313753000211E2 /* Project object */ = {
			isa = PBXProject;
			attributes = {
				LastUpgradeCheck = 0630;
				ORGANIZATIONNAME = youtiao.im;
				TargetAttributes = {
					9C72B5C51B313753000211E2 = {
						CreatedOnToolsVersion = 6.3.2;
						DevelopmentTeam = CJ93H7TH43;
						SystemCapabilities = {
							com.apple.BackgroundModes = {
								enabled = 1;
							};
						};
					};
					9C72B5DC1B313753000211E2 = {
						CreatedOnToolsVersion = 6.3.2;
						DevelopmentTeam = CJ93H7TH43;
						TestTargetID = 9C72B5C51B313753000211E2;
					};
				};
			};
			buildConfigurationList = 9C72B5C11B313753000211E2 /* Build configuration list for PBXProject "Youtiao" */;
			compatibilityVersion = "Xcode 3.2";
			developmentRegion = English;
			hasScannedForEncodings = 0;
			knownRegions = (
				en,
				Base,
				"zh-Hans",
			);
			mainGroup = 9C72B5BD1B313753000211E2;
			productRefGroup = 9C72B5C71B313753000211E2 /* Products */;
			projectDirPath = "";
			projectRoot = "";
			targets = (
				9C72B5C51B313753000211E2 /* Youtiao */,
				9C72B5DC1B313753000211E2 /* YoutiaoTests */,
			);
		};
/* End PBXProject section */

/* Begin PBXResourcesBuildPhase section */
		9C72B5C41B313753000211E2 /* Resources */ = {
			isa = PBXResourcesBuildPhase;
			buildActionMask = 2147483647;
			files = (
				6E7EB0041B60A5DB006E9F5B /* Info.plist in Resources */,
				6EA0750F1B53E39100F1CA76 /* Landing.storyboard in Resources */,
				6EE3CBC81B4BA08300C142C4 /* BulletinCell.xib in Resources */,
				6E7EAFFF1B5FB0C5006E9F5B /* PushConfig.plist in Resources */,
				9C72B5D31B313753000211E2 /* Main.storyboard in Resources */,
				6E4AD9AA1B4F912500BB23CB /* Localizable.strings in Resources */,
				9C72B5D81B313753000211E2 /* LaunchScreen.xib in Resources */,
				9C72B5D51B313753000211E2 /* Images.xcassets in Resources */,
			);
			runOnlyForDeploymentPostprocessing = 0;
		};
		9C72B5DB1B313753000211E2 /* Resources */ = {
			isa = PBXResourcesBuildPhase;
			buildActionMask = 2147483647;
			files = (
			);
			runOnlyForDeploymentPostprocessing = 0;
		};
/* End PBXResourcesBuildPhase section */

/* Begin PBXShellScriptBuildPhase section */
		1EF886E411E8CC4958922D91 /* Check Pods Manifest.lock */ = {
			isa = PBXShellScriptBuildPhase;
			buildActionMask = 2147483647;
			files = (
			);
			inputPaths = (
			);
			name = "Check Pods Manifest.lock";
			outputPaths = (
			);
			runOnlyForDeploymentPostprocessing = 0;
			shellPath = /bin/sh;
			shellScript = "diff \"${PODS_ROOT}/../Podfile.lock\" \"${PODS_ROOT}/Manifest.lock\" > /dev/null\nif [[ $? != 0 ]] ; then\n    cat << EOM\nerror: The sandbox is not in sync with the Podfile.lock. Run 'pod install' or update your CocoaPods installation.\nEOM\n    exit 1\nfi\n";
			showEnvVarsInLog = 0;
		};
		89A3A0B3C701E8E53C71A270 /* Copy Pods Resources */ = {
			isa = PBXShellScriptBuildPhase;
			buildActionMask = 2147483647;
			files = (
			);
			inputPaths = (
			);
			name = "Copy Pods Resources";
			outputPaths = (
			);
			runOnlyForDeploymentPostprocessing = 0;
			shellPath = /bin/sh;
			shellScript = "\"${SRCROOT}/Pods/Target Support Files/Pods-Youtiao/Pods-Youtiao-resources.sh\"\n";
			showEnvVarsInLog = 0;
		};
/* End PBXShellScriptBuildPhase section */

/* Begin PBXSourcesBuildPhase section */
		9C72B5C21B313753000211E2 /* Sources */ = {
			isa = PBXSourcesBuildPhase;
			buildActionMask = 2147483647;
			files = (
				9C72B6101B31B220000211E2 /* APIClient.swift in Sources */,
				9C8E5BF81B3A5D120088BA76 /* UIColorExtension.swift in Sources */,
				6EBBE0971B5694C8007F281F /* BulletinStampButton.swift in Sources */,
				6EE3CBCA1B4BBE1600C142C4 /* BulletinsViewController.swift in Sources */,
				9C72B5EF1B31398F000211E2 /* User.swift in Sources */,
				6EE3CBCC1B4BD21800C142C4 /* TimeHelper.swift in Sources */,
				9C72B5CC1B313753000211E2 /* AppDelegate.swift in Sources */,
				9C8E5BF51B3A5CD00088BA76 /* Constants.swift in Sources */,
				9C7F85B81B423F9E00E37EBD /* BulletinViewController.swift in Sources */,
				9C7F85C21B423F9E00E37EBD /* SignInViewController.swift in Sources */,
				6EBBE0991B57997F007F281F /* NewBulletinViewController.swift in Sources */,
				9C72B5F71B3139B8000211E2 /* Stamp.swift in Sources */,
				6EE3CBC71B4BA08300C142C4 /* BulletinCell.swift in Sources */,
				9C72B5F11B313997000211E2 /* Group.swift in Sources */,
				9C72B5F51B3139B1000211E2 /* Bulletin.swift in Sources */,
				9C7F85BB1B423F9E00E37EBD /* GroupSettingsViewController.swift in Sources */,
				9C7F85BE1B423F9E00E37EBD /* JoinGroupViewController.swift in Sources */,
				9C7F85D21B42697600E37EBD /* ErrorsHelper.swift in Sources */,
				6E26780F1B4678F4005EC1EB /* GroupMembersViewController.swift in Sources */,
				9C87CBCD1B3BD77500F58461 /* SessionsHelper.swift in Sources */,
				6E6EC8CF1B4D1F5E004FB01B /* EditUserNameViewController.swift in Sources */,
				9C87CBC91B3BCF3500F58461 /* Errors.swift in Sources */,
				9C72B6281B32FD5E000211E2 /* Blob.swift in Sources */,
				9C7F85BC1B423F9E00E37EBD /* GroupsViewController.swift in Sources */,
				9C7F85B91B423F9E00E37EBD /* EditGroupCodeViewController.swift in Sources */,
				9C72B5F91B3139BE000211E2 /* Comment.swift in Sources */,
				9C7F85C01B423F9E00E37EBD /* NewGroupViewController.swift in Sources */,
				9C7F85C31B423F9E00E37EBD /* SignUpViewController.swift in Sources */,
				9C7F85C11B423F9E00E37EBD /* SettingsViewController.swift in Sources */,
				9C7F85BA1B423F9E00E37EBD /* EditGroupNameViewController.swift in Sources */,
				9C72B5F31B3139A8000211E2 /* Membership.swift in Sources */,
			);
			runOnlyForDeploymentPostprocessing = 0;
		};
		9C72B5D91B313753000211E2 /* Sources */ = {
			isa = PBXSourcesBuildPhase;
			buildActionMask = 2147483647;
			files = (
				9C72B5E41B313753000211E2 /* YoutiaoTests.swift in Sources */,
			);
			runOnlyForDeploymentPostprocessing = 0;
		};
/* End PBXSourcesBuildPhase section */

/* Begin PBXTargetDependency section */
		9C72B5DF1B313753000211E2 /* PBXTargetDependency */ = {
			isa = PBXTargetDependency;
			target = 9C72B5C51B313753000211E2 /* Youtiao */;
			targetProxy = 9C72B5DE1B313753000211E2 /* PBXContainerItemProxy */;
		};
/* End PBXTargetDependency section */

/* Begin PBXVariantGroup section */
		6E4AD9AC1B4F912500BB23CB /* Localizable.strings */ = {
			isa = PBXVariantGroup;
			children = (
				6E4AD9AB1B4F912500BB23CB /* en */,
				6E4AD9AD1B4F912900BB23CB /* zh-Hans */,
			);
			name = Localizable.strings;
			path = Internationalization;
			sourceTree = "<group>";
		};
		6EA075111B53E39100F1CA76 /* Landing.storyboard */ = {
			isa = PBXVariantGroup;
			children = (
				6EA075101B53E39100F1CA76 /* Base */,
				6EA075171B54A84900F1CA76 /* zh-Hans */,
			);
			name = Landing.storyboard;
			sourceTree = "<group>";
		};
		9C72B5D11B313753000211E2 /* Main.storyboard */ = {
			isa = PBXVariantGroup;
			children = (
				9C72B5D21B313753000211E2 /* Base */,
				6E6B9C1C1B5DDACE00AA74F8 /* zh-Hans */,
			);
			name = Main.storyboard;
			sourceTree = "<group>";
		};
		9C72B5D61B313753000211E2 /* LaunchScreen.xib */ = {
			isa = PBXVariantGroup;
			children = (
				9C72B5D71B313753000211E2 /* Base */,
				6E4AD9A81B4F90DF00BB23CB /* zh-Hans */,
			);
			name = LaunchScreen.xib;
			sourceTree = "<group>";
		};
/* End PBXVariantGroup section */

/* Begin XCBuildConfiguration section */
		9C72B5E51B313753000211E2 /* Debug */ = {
			isa = XCBuildConfiguration;
			buildSettings = {
				ALWAYS_SEARCH_USER_PATHS = NO;
				CLANG_CXX_LANGUAGE_STANDARD = "gnu++0x";
				CLANG_CXX_LIBRARY = "libc++";
				CLANG_ENABLE_MODULES = YES;
				CLANG_ENABLE_OBJC_ARC = YES;
				CLANG_WARN_BOOL_CONVERSION = YES;
				CLANG_WARN_CONSTANT_CONVERSION = YES;
				CLANG_WARN_DIRECT_OBJC_ISA_USAGE = YES_ERROR;
				CLANG_WARN_EMPTY_BODY = YES;
				CLANG_WARN_ENUM_CONVERSION = YES;
				CLANG_WARN_INT_CONVERSION = YES;
				CLANG_WARN_OBJC_ROOT_CLASS = YES_ERROR;
				CLANG_WARN_UNREACHABLE_CODE = YES;
				CLANG_WARN__DUPLICATE_METHOD_MATCH = YES;
				CODE_SIGN_IDENTITY = "iPhone Developer: Feng Ye (N3V6KDTFUA)";
				"CODE_SIGN_IDENTITY[sdk=iphoneos*]" = "iPhone Developer";
				COPY_PHASE_STRIP = NO;
				DEBUG_INFORMATION_FORMAT = "dwarf-with-dsym";
				ENABLE_STRICT_OBJC_MSGSEND = YES;
				GCC_C_LANGUAGE_STANDARD = gnu99;
				GCC_DYNAMIC_NO_PIC = NO;
				GCC_NO_COMMON_BLOCKS = YES;
				GCC_OPTIMIZATION_LEVEL = 0;
				GCC_PREPROCESSOR_DEFINITIONS = (
					"DEBUG=1",
					"$(inherited)",
				);
				GCC_SYMBOLS_PRIVATE_EXTERN = NO;
				GCC_WARN_64_TO_32_BIT_CONVERSION = YES;
				GCC_WARN_ABOUT_RETURN_TYPE = YES_ERROR;
				GCC_WARN_UNDECLARED_SELECTOR = YES;
				GCC_WARN_UNINITIALIZED_AUTOS = YES_AGGRESSIVE;
				GCC_WARN_UNUSED_FUNCTION = YES;
				GCC_WARN_UNUSED_VARIABLE = YES;
				INFOPLIST_FILE = Youtiao/Info.plist;
				IPHONEOS_DEPLOYMENT_TARGET = 7.0;
				MTL_ENABLE_DEBUG_INFO = YES;
				ONLY_ACTIVE_ARCH = YES;
				PRODUCT_NAME = Youtiao;
				PROVISIONING_PROFILE = "6223a218-3daf-44c9-ae9f-4878c1fd7352";
				SDKROOT = iphoneos;
				SWIFT_OPTIMIZATION_LEVEL = "-Onone";
			};
			name = Debug;
		};
		9C72B5E61B313753000211E2 /* Release */ = {
			isa = XCBuildConfiguration;
			buildSettings = {
				ALWAYS_SEARCH_USER_PATHS = NO;
				CLANG_CXX_LANGUAGE_STANDARD = "gnu++0x";
				CLANG_CXX_LIBRARY = "libc++";
				CLANG_ENABLE_MODULES = YES;
				CLANG_ENABLE_OBJC_ARC = YES;
				CLANG_WARN_BOOL_CONVERSION = YES;
				CLANG_WARN_CONSTANT_CONVERSION = YES;
				CLANG_WARN_DIRECT_OBJC_ISA_USAGE = YES_ERROR;
				CLANG_WARN_EMPTY_BODY = YES;
				CLANG_WARN_ENUM_CONVERSION = YES;
				CLANG_WARN_INT_CONVERSION = YES;
				CLANG_WARN_OBJC_ROOT_CLASS = YES_ERROR;
				CLANG_WARN_UNREACHABLE_CODE = YES;
				CLANG_WARN__DUPLICATE_METHOD_MATCH = YES;
				CODE_SIGN_IDENTITY = "iPhone Developer: Feng Ye (N3V6KDTFUA)";
				"CODE_SIGN_IDENTITY[sdk=iphoneos*]" = "iPhone Developer";
				COPY_PHASE_STRIP = NO;
				DEBUG_INFORMATION_FORMAT = "dwarf-with-dsym";
				ENABLE_NS_ASSERTIONS = NO;
				ENABLE_STRICT_OBJC_MSGSEND = YES;
				GCC_C_LANGUAGE_STANDARD = gnu99;
				GCC_NO_COMMON_BLOCKS = YES;
				GCC_WARN_64_TO_32_BIT_CONVERSION = YES;
				GCC_WARN_ABOUT_RETURN_TYPE = YES_ERROR;
				GCC_WARN_UNDECLARED_SELECTOR = YES;
				GCC_WARN_UNINITIALIZED_AUTOS = YES_AGGRESSIVE;
				GCC_WARN_UNUSED_FUNCTION = YES;
				GCC_WARN_UNUSED_VARIABLE = YES;
				INFOPLIST_FILE = Youtiao/Info.plist;
				IPHONEOS_DEPLOYMENT_TARGET = 7.0;
				MTL_ENABLE_DEBUG_INFO = NO;
				PRODUCT_NAME = Youtiao;
				PROVISIONING_PROFILE = "6223a218-3daf-44c9-ae9f-4878c1fd7352";
				SDKROOT = iphoneos;
				VALIDATE_PRODUCT = YES;
			};
			name = Release;
		};
		9C72B5E81B313753000211E2 /* Debug */ = {
			isa = XCBuildConfiguration;
			baseConfigurationReference = 49F866BA1EDE08E3548187D7 /* Pods-Youtiao.debug.xcconfig */;
			buildSettings = {
				ASSETCATALOG_COMPILER_APPICON_NAME = AppIcon;
				CLANG_ENABLE_MODULES = YES;
				CODE_SIGN_IDENTITY = "iPhone Developer: Feng Ye (N3V6KDTFUA)";
				"CODE_SIGN_IDENTITY[sdk=iphoneos*]" = "iPhone Developer: Feng Ye (N3V6KDTFUA)";
				INFOPLIST_FILE = Youtiao/Info.plist;
				LD_RUNPATH_SEARCH_PATHS = "$(inherited) @executable_path/Frameworks";
				PRODUCT_NAME = "$(TARGET_NAME)";
				PROVISIONING_PROFILE = "6223a218-3daf-44c9-ae9f-4878c1fd7352";
				SWIFT_OBJC_BRIDGING_HEADER = "Youtiao/Youtiao-Bridging-Header.h";
				SWIFT_OPTIMIZATION_LEVEL = "-Onone";
			};
			name = Debug;
		};
		9C72B5E91B313753000211E2 /* Release */ = {
			isa = XCBuildConfiguration;
			baseConfigurationReference = 23B70BE568A5C8719971BD38 /* Pods-Youtiao.release.xcconfig */;
			buildSettings = {
				ASSETCATALOG_COMPILER_APPICON_NAME = AppIcon;
				CLANG_ENABLE_MODULES = YES;
				CODE_SIGN_IDENTITY = "iPhone Developer: Feng Ye (N3V6KDTFUA)";
				"CODE_SIGN_IDENTITY[sdk=iphoneos*]" = "iPhone Developer: Feng Ye (N3V6KDTFUA)";
				INFOPLIST_FILE = Youtiao/Info.plist;
				LD_RUNPATH_SEARCH_PATHS = "$(inherited) @executable_path/Frameworks";
				PRODUCT_NAME = "$(TARGET_NAME)";
				PROVISIONING_PROFILE = "6223a218-3daf-44c9-ae9f-4878c1fd7352";
				SWIFT_OBJC_BRIDGING_HEADER = "Youtiao/Youtiao-Bridging-Header.h";
			};
			name = Release;
		};
		9C72B5EB1B313753000211E2 /* Debug */ = {
			isa = XCBuildConfiguration;
			buildSettings = {
				BUNDLE_LOADER = "$(TEST_HOST)";
				CODE_SIGN_IDENTITY = "iPhone Developer";
				"CODE_SIGN_IDENTITY[sdk=iphoneos*]" = "iPhone Developer";
				FRAMEWORK_SEARCH_PATHS = (
					"$(SDKROOT)/Developer/Library/Frameworks",
					"$(inherited)",
				);
				GCC_PREPROCESSOR_DEFINITIONS = (
					"DEBUG=1",
					"$(inherited)",
				);
				INFOPLIST_FILE = YoutiaoTests/Info.plist;
				LD_RUNPATH_SEARCH_PATHS = "$(inherited) @executable_path/Frameworks @loader_path/Frameworks";
				PRODUCT_NAME = "$(TARGET_NAME)";
				PROVISIONING_PROFILE = "";
				TEST_HOST = "$(BUILT_PRODUCTS_DIR)/Youtiao.app/Youtiao";
			};
			name = Debug;
		};
		9C72B5EC1B313753000211E2 /* Release */ = {
			isa = XCBuildConfiguration;
			buildSettings = {
				BUNDLE_LOADER = "$(TEST_HOST)";
				CODE_SIGN_IDENTITY = "iPhone Developer";
				"CODE_SIGN_IDENTITY[sdk=iphoneos*]" = "iPhone Developer";
				FRAMEWORK_SEARCH_PATHS = (
					"$(SDKROOT)/Developer/Library/Frameworks",
					"$(inherited)",
				);
				INFOPLIST_FILE = YoutiaoTests/Info.plist;
				LD_RUNPATH_SEARCH_PATHS = "$(inherited) @executable_path/Frameworks @loader_path/Frameworks";
				PRODUCT_NAME = "$(TARGET_NAME)";
				PROVISIONING_PROFILE = "";
				TEST_HOST = "$(BUILT_PRODUCTS_DIR)/Youtiao.app/Youtiao";
			};
			name = Release;
		};
/* End XCBuildConfiguration section */

/* Begin XCConfigurationList section */
		9C72B5C11B313753000211E2 /* Build configuration list for PBXProject "Youtiao" */ = {
			isa = XCConfigurationList;
			buildConfigurations = (
				9C72B5E51B313753000211E2 /* Debug */,
				9C72B5E61B313753000211E2 /* Release */,
			);
			defaultConfigurationIsVisible = 0;
			defaultConfigurationName = Release;
		};
		9C72B5E71B313753000211E2 /* Build configuration list for PBXNativeTarget "Youtiao" */ = {
			isa = XCConfigurationList;
			buildConfigurations = (
				9C72B5E81B313753000211E2 /* Debug */,
				9C72B5E91B313753000211E2 /* Release */,
			);
			defaultConfigurationIsVisible = 0;
			defaultConfigurationName = Release;
		};
		9C72B5EA1B313753000211E2 /* Build configuration list for PBXNativeTarget "YoutiaoTests" */ = {
			isa = XCConfigurationList;
			buildConfigurations = (
				9C72B5EB1B313753000211E2 /* Debug */,
				9C72B5EC1B313753000211E2 /* Release */,
			);
			defaultConfigurationIsVisible = 0;
			defaultConfigurationName = Release;
		};
/* End XCConfigurationList section */
	};
	rootObject = 9C72B5BE1B313753000211E2 /* Project object */;
}
